
Microsoft Visual Studio Solution File, Format Version 12.00
# Visual Studio 14
VisualStudioVersion = 14.0.25420.1
MinimumVisualStudioVersion = 10.0.40219.1
Project("{FAE04EC0-301F-11D3-BF4B-00C04F79EFBC}") = "Phoneword", "Phoneword\Phoneword\Phoneword.csproj", "{A883D99D-4EC6-43BB-9028-9DB73223BD27}"
EndProject
Project("{FAE04EC0-301F-11D3-BF4B-00C04F79EFBC}") = "Phoneword.Droid", "Phoneword\Phoneword.Droid\Phoneword.Droid.csproj", "{A630E5F9-E30E-4AE9-9DCA-EC4E0EB92271}"
EndProject
Project("{FAE04EC0-301F-11D3-BF4B-00C04F79EFBC}") = "Phoneword.iOS", "Phoneword\Phoneword.iOS\Phoneword.iOS.csproj", "{D6D91A0F-7611-4F2D-BD41-8A5E8E357A61}"
EndProject
Project("{FAE04EC0-301F-11D3-BF4B-00C04F79EFBC}") = "Phoneword.WinPhone", "Phoneword\Phoneword.WinPhone\Phoneword.WinPhone.csproj", "{DB253D8B-2ACA-4FC5-876A-2E343F61D814}"
EndProject
Project("{FAE04EC0-301F-11D3-BF4B-00C04F79EFBC}") = "Phoneword.UWP", "Phoneword\Phoneword.UWP\Phoneword.UWP.csproj", "{C9277F6E-C8CF-4558-8D43-58B23124D1D1}"
EndProject
Project("{FAE04EC0-301F-11D3-BF4B-00C04F79EFBC}") = "Phoneword.Windows", "Phoneword\Phoneword.Windows\Phoneword.Windows.csproj", "{0CE3B9EE-FDE9-4AF5-9043-B148C9607A1D}"
EndProject
Global
	GlobalSection(SolutionConfigurationPlatforms) = preSolution
		Ad-Hoc|Any CPU = Ad-Hoc|Any CPU
		Ad-Hoc|ARM = Ad-Hoc|ARM
		Ad-Hoc|iPhone = Ad-Hoc|iPhone
		Ad-Hoc|iPhoneSimulator = Ad-Hoc|iPhoneSimulator
		Ad-Hoc|x64 = Ad-Hoc|x64
		Ad-Hoc|x86 = Ad-Hoc|x86
		AppStore|Any CPU = AppStore|Any CPU
		AppStore|ARM = AppStore|ARM
		AppStore|iPhone = AppStore|iPhone
		AppStore|iPhoneSimulator = AppStore|iPhoneSimulator
		AppStore|x64 = AppStore|x64
		AppStore|x86 = AppStore|x86
		Debug|Any CPU = Debug|Any CPU
		Debug|ARM = Debug|ARM
		Debug|iPhone = Debug|iPhone
		Debug|iPhoneSimulator = Debug|iPhoneSimulator
		Debug|x64 = Debug|x64
		Debug|x86 = Debug|x86
		Release|Any CPU = Release|Any CPU
		Release|ARM = Release|ARM
		Release|iPhone = Release|iPhone
		Release|iPhoneSimulator = Release|iPhoneSimulator
		Release|x64 = Release|x64
		Release|x86 = Release|x86
	EndGlobalSection
	GlobalSection(ProjectConfigurationPlatforms) = postSolution
		{A883D99D-4EC6-43BB-9028-9DB73223BD27}.Ad-Hoc|Any CPU.ActiveCfg = Release|Any CPU
		{A883D99D-4EC6-43BB-9028-9DB73223BD27}.Ad-Hoc|Any CPU.Build.0 = Release|Any CPU
		{A883D99D-4EC6-43BB-9028-9DB73223BD27}.Ad-Hoc|ARM.ActiveCfg = Release|Any CPU
		{A883D99D-4EC6-43BB-9028-9DB73223BD27}.Ad-Hoc|ARM.Build.0 = Release|Any CPU
		{A883D99D-4EC6-43BB-9028-9DB73223BD27}.Ad-Hoc|iPhone.ActiveCfg = Release|Any CPU
		{A883D99D-4EC6-43BB-9028-9DB73223BD27}.Ad-Hoc|iPhone.Build.0 = Release|Any CPU
		{A883D99D-4EC6-43BB-9028-9DB73223BD27}.Ad-Hoc|iPhoneSimulator.ActiveCfg = Release|Any CPU
		{A883D99D-4EC6-43BB-9028-9DB73223BD27}.Ad-Hoc|iPhoneSimulator.Build.0 = Release|Any CPU
		{A883D99D-4EC6-43BB-9028-9DB73223BD27}.Ad-Hoc|x64.ActiveCfg = Release|Any CPU
		{A883D99D-4EC6-43BB-9028-9DB73223BD27}.Ad-Hoc|x64.Build.0 = Release|Any CPU
		{A883D99D-4EC6-43BB-9028-9DB73223BD27}.Ad-Hoc|x86.ActiveCfg = Release|Any CPU
		{A883D99D-4EC6-43BB-9028-9DB73223BD27}.Ad-Hoc|x86.Build.0 = Release|Any CPU
		{A883D99D-4EC6-43BB-9028-9DB73223BD27}.AppStore|Any CPU.ActiveCfg = Release|Any CPU
		{A883D99D-4EC6-43BB-9028-9DB73223BD27}.AppStore|Any CPU.Build.0 = Release|Any CPU
		{A883D99D-4EC6-43BB-9028-9DB73223BD27}.AppStore|ARM.ActiveCfg = Release|Any CPU
		{A883D99D-4EC6-43BB-9028-9DB73223BD27}.AppStore|ARM.Build.0 = Release|Any CPU
		{A883D99D-4EC6-43BB-9028-9DB73223BD27}.AppStore|iPhone.ActiveCfg = Release|Any CPU
		{A883D99D-4EC6-43BB-9028-9DB73223BD27}.AppStore|iPhone.Build.0 = Release|Any CPU
		{A883D99D-4EC6-43BB-9028-9DB73223BD27}.AppStore|iPhoneSimulator.ActiveCfg = Release|Any CPU
		{A883D99D-4EC6-43BB-9028-9DB73223BD27}.AppStore|iPhoneSimulator.Build.0 = Release|Any CPU
		{A883D99D-4EC6-43BB-9028-9DB73223BD27}.AppStore|x64.ActiveCfg = Release|Any CPU
		{A883D99D-4EC6-43BB-9028-9DB73223BD27}.AppStore|x64.Build.0 = Release|Any CPU
		{A883D99D-4EC6-43BB-9028-9DB73223BD27}.AppStore|x86.ActiveCfg = Release|Any CPU
		{A883D99D-4EC6-43BB-9028-9DB73223BD27}.AppStore|x86.Build.0 = Release|Any CPU
		{A883D99D-4EC6-43BB-9028-9DB73223BD27}.Debug|Any CPU.ActiveCfg = Debug|Any CPU
		{A883D99D-4EC6-43BB-9028-9DB73223BD27}.Debug|Any CPU.Build.0 = Debug|Any CPU
		{A883D99D-4EC6-43BB-9028-9DB73223BD27}.Debug|ARM.ActiveCfg = Debug|Any CPU
		{A883D99D-4EC6-43BB-9028-9DB73223BD27}.Debug|ARM.Build.0 = Debug|Any CPU
		{A883D99D-4EC6-43BB-9028-9DB73223BD27}.Debug|iPhone.ActiveCfg = Debug|Any CPU
		{A883D99D-4EC6-43BB-9028-9DB73223BD27}.Debug|iPhone.Build.0 = Debug|Any CPU
		{A883D99D-4EC6-43BB-9028-9DB73223BD27}.Debug|iPhoneSimulator.ActiveCfg = Debug|Any CPU
		{A883D99D-4EC6-43BB-9028-9DB73223BD27}.Debug|iPhoneSimulator.Build.0 = Debug|Any CPU
		{A883D99D-4EC6-43BB-9028-9DB73223BD27}.Debug|x64.ActiveCfg = Debug|Any CPU
		{A883D99D-4EC6-43BB-9028-9DB73223BD27}.Debug|x64.Build.0 = Debug|Any CPU
		{A883D99D-4EC6-43BB-9028-9DB73223BD27}.Debug|x86.ActiveCfg = Debug|Any CPU
		{A883D99D-4EC6-43BB-9028-9DB73223BD27}.Debug|x86.Build.0 = Debug|Any CPU
		{A883D99D-4EC6-43BB-9028-9DB73223BD27}.Release|Any CPU.ActiveCfg = Release|Any CPU
		{A883D99D-4EC6-43BB-9028-9DB73223BD27}.Release|Any CPU.Build.0 = Release|Any CPU
		{A883D99D-4EC6-43BB-9028-9DB73223BD27}.Release|ARM.ActiveCfg = Release|Any CPU
		{A883D99D-4EC6-43BB-9028-9DB73223BD27}.Release|ARM.Build.0 = Release|Any CPU
		{A883D99D-4EC6-43BB-9028-9DB73223BD27}.Release|iPhone.ActiveCfg = Release|Any CPU
		{A883D99D-4EC6-43BB-9028-9DB73223BD27}.Release|iPhone.Build.0 = Release|Any CPU
		{A883D99D-4EC6-43BB-9028-9DB73223BD27}.Release|iPhoneSimulator.ActiveCfg = Release|Any CPU
		{A883D99D-4EC6-43BB-9028-9DB73223BD27}.Release|iPhoneSimulator.Build.0 = Release|Any CPU
		{A883D99D-4EC6-43BB-9028-9DB73223BD27}.Release|x64.ActiveCfg = Release|Any CPU
		{A883D99D-4EC6-43BB-9028-9DB73223BD27}.Release|x64.Build.0 = Release|Any CPU
		{A883D99D-4EC6-43BB-9028-9DB73223BD27}.Release|x86.ActiveCfg = Release|Any CPU
		{A883D99D-4EC6-43BB-9028-9DB73223BD27}.Release|x86.Build.0 = Release|Any CPU
		{A630E5F9-E30E-4AE9-9DCA-EC4E0EB92271}.Ad-Hoc|Any CPU.ActiveCfg = Release|Any CPU
		{A630E5F9-E30E-4AE9-9DCA-EC4E0EB92271}.Ad-Hoc|Any CPU.Build.0 = Release|Any CPU
		{A630E5F9-E30E-4AE9-9DCA-EC4E0EB92271}.Ad-Hoc|Any CPU.Deploy.0 = Release|Any CPU
		{A630E5F9-E30E-4AE9-9DCA-EC4E0EB92271}.Ad-Hoc|ARM.ActiveCfg = Release|Any CPU
		{A630E5F9-E30E-4AE9-9DCA-EC4E0EB92271}.Ad-Hoc|ARM.Build.0 = Release|Any CPU
		{A630E5F9-E30E-4AE9-9DCA-EC4E0EB92271}.Ad-Hoc|ARM.Deploy.0 = Release|Any CPU
		{A630E5F9-E30E-4AE9-9DCA-EC4E0EB92271}.Ad-Hoc|iPhone.ActiveCfg = Release|Any CPU
		{A630E5F9-E30E-4AE9-9DCA-EC4E0EB92271}.Ad-Hoc|iPhone.Build.0 = Release|Any CPU
		{A630E5F9-E30E-4AE9-9DCA-EC4E0EB92271}.Ad-Hoc|iPhone.Deploy.0 = Release|Any CPU
		{A630E5F9-E30E-4AE9-9DCA-EC4E0EB92271}.Ad-Hoc|iPhoneSimulator.ActiveCfg = Release|Any CPU
		{A630E5F9-E30E-4AE9-9DCA-EC4E0EB92271}.Ad-Hoc|iPhoneSimulator.Build.0 = Release|Any CPU
		{A630E5F9-E30E-4AE9-9DCA-EC4E0EB92271}.Ad-Hoc|iPhoneSimulator.Deploy.0 = Release|Any CPU
		{A630E5F9-E30E-4AE9-9DCA-EC4E0EB92271}.Ad-Hoc|x64.ActiveCfg = Release|Any CPU
		{A630E5F9-E30E-4AE9-9DCA-EC4E0EB92271}.Ad-Hoc|x64.Build.0 = Release|Any CPU
		{A630E5F9-E30E-4AE9-9DCA-EC4E0EB92271}.Ad-Hoc|x64.Deploy.0 = Release|Any CPU
		{A630E5F9-E30E-4AE9-9DCA-EC4E0EB92271}.Ad-Hoc|x86.ActiveCfg = Release|Any CPU
		{A630E5F9-E30E-4AE9-9DCA-EC4E0EB92271}.Ad-Hoc|x86.Build.0 = Release|Any CPU
		{A630E5F9-E30E-4AE9-9DCA-EC4E0EB92271}.Ad-Hoc|x86.Deploy.0 = Release|Any CPU
		{A630E5F9-E30E-4AE9-9DCA-EC4E0EB92271}.AppStore|Any CPU.ActiveCfg = Release|Any CPU
		{A630E5F9-E30E-4AE9-9DCA-EC4E0EB92271}.AppStore|Any CPU.Build.0 = Release|Any CPU
		{A630E5F9-E30E-4AE9-9DCA-EC4E0EB92271}.AppStore|Any CPU.Deploy.0 = Release|Any CPU
		{A630E5F9-E30E-4AE9-9DCA-EC4E0EB92271}.AppStore|ARM.ActiveCfg = Release|Any CPU
		{A630E5F9-E30E-4AE9-9DCA-EC4E0EB92271}.AppStore|ARM.Build.0 = Release|Any CPU
		{A630E5F9-E30E-4AE9-9DCA-EC4E0EB92271}.AppStore|ARM.Deploy.0 = Release|Any CPU
		{A630E5F9-E30E-4AE9-9DCA-EC4E0EB92271}.AppStore|iPhone.ActiveCfg = Release|Any CPU
		{A630E5F9-E30E-4AE9-9DCA-EC4E0EB92271}.AppStore|iPhone.Build.0 = Release|Any CPU
		{A630E5F9-E30E-4AE9-9DCA-EC4E0EB92271}.AppStore|iPhone.Deploy.0 = Release|Any CPU
		{A630E5F9-E30E-4AE9-9DCA-EC4E0EB92271}.AppStore|iPhoneSimulator.ActiveCfg = Release|Any CPU
		{A630E5F9-E30E-4AE9-9DCA-EC4E0EB92271}.AppStore|iPhoneSimulator.Build.0 = Release|Any CPU
		{A630E5F9-E30E-4AE9-9DCA-EC4E0EB92271}.AppStore|iPhoneSimulator.Deploy.0 = Release|Any CPU
		{A630E5F9-E30E-4AE9-9DCA-EC4E0EB92271}.AppStore|x64.ActiveCfg = Release|Any CPU
		{A630E5F9-E30E-4AE9-9DCA-EC4E0EB92271}.AppStore|x64.Build.0 = Release|Any CPU
		{A630E5F9-E30E-4AE9-9DCA-EC4E0EB92271}.AppStore|x64.Deploy.0 = Release|Any CPU
		{A630E5F9-E30E-4AE9-9DCA-EC4E0EB92271}.AppStore|x86.ActiveCfg = Release|Any CPU
		{A630E5F9-E30E-4AE9-9DCA-EC4E0EB92271}.AppStore|x86.Build.0 = Release|Any CPU
		{A630E5F9-E30E-4AE9-9DCA-EC4E0EB92271}.AppStore|x86.Deploy.0 = Release|Any CPU
		{A630E5F9-E30E-4AE9-9DCA-EC4E0EB92271}.Debug|Any CPU.ActiveCfg = Debug|Any CPU
		{A630E5F9-E30E-4AE9-9DCA-EC4E0EB92271}.Debug|Any CPU.Build.0 = Debug|Any CPU
		{A630E5F9-E30E-4AE9-9DCA-EC4E0EB92271}.Debug|Any CPU.Deploy.0 = Debug|Any CPU
		{A630E5F9-E30E-4AE9-9DCA-EC4E0EB92271}.Debug|ARM.ActiveCfg = Debug|Any CPU
		{A630E5F9-E30E-4AE9-9DCA-EC4E0EB92271}.Debug|ARM.Build.0 = Debug|Any CPU
		{A630E5F9-E30E-4AE9-9DCA-EC4E0EB92271}.Debug|ARM.Deploy.0 = Debug|Any CPU
		{A630E5F9-E30E-4AE9-9DCA-EC4E0EB92271}.Debug|iPhone.ActiveCfg = Debug|Any CPU
		{A630E5F9-E30E-4AE9-9DCA-EC4E0EB92271}.Debug|iPhone.Build.0 = Debug|Any CPU
		{A630E5F9-E30E-4AE9-9DCA-EC4E0EB92271}.Debug|iPhone.Deploy.0 = Debug|Any CPU
		{A630E5F9-E30E-4AE9-9DCA-EC4E0EB92271}.Debug|iPhoneSimulator.ActiveCfg = Debug|Any CPU
		{A630E5F9-E30E-4AE9-9DCA-EC4E0EB92271}.Debug|iPhoneSimulator.Build.0 = Debug|Any CPU
		{A630E5F9-E30E-4AE9-9DCA-EC4E0EB92271}.Debug|iPhoneSimulator.Deploy.0 = Debug|Any CPU
		{A630E5F9-E30E-4AE9-9DCA-EC4E0EB92271}.Debug|x64.ActiveCfg = Debug|Any CPU
		{A630E5F9-E30E-4AE9-9DCA-EC4E0EB92271}.Debug|x64.Build.0 = Debug|Any CPU
		{A630E5F9-E30E-4AE9-9DCA-EC4E0EB92271}.Debug|x64.Deploy.0 = Debug|Any CPU
		{A630E5F9-E30E-4AE9-9DCA-EC4E0EB92271}.Debug|x86.ActiveCfg = Debug|Any CPU
		{A630E5F9-E30E-4AE9-9DCA-EC4E0EB92271}.Debug|x86.Build.0 = Debug|Any CPU
		{A630E5F9-E30E-4AE9-9DCA-EC4E0EB92271}.Debug|x86.Deploy.0 = Debug|Any CPU
		{A630E5F9-E30E-4AE9-9DCA-EC4E0EB92271}.Release|Any CPU.ActiveCfg = Release|Any CPU
		{A630E5F9-E30E-4AE9-9DCA-EC4E0EB92271}.Release|Any CPU.Build.0 = Release|Any CPU
		{A630E5F9-E30E-4AE9-9DCA-EC4E0EB92271}.Release|Any CPU.Deploy.0 = Release|Any CPU
		{A630E5F9-E30E-4AE9-9DCA-EC4E0EB92271}.Release|ARM.ActiveCfg = Release|Any CPU
		{A630E5F9-E30E-4AE9-9DCA-EC4E0EB92271}.Release|ARM.Build.0 = Release|Any CPU
		{A630E5F9-E30E-4AE9-9DCA-EC4E0EB92271}.Release|ARM.Deploy.0 = Release|Any CPU
		{A630E5F9-E30E-4AE9-9DCA-EC4E0EB92271}.Release|iPhone.ActiveCfg = Release|Any CPU
		{A630E5F9-E30E-4AE9-9DCA-EC4E0EB92271}.Release|iPhone.Build.0 = Release|Any CPU
		{A630E5F9-E30E-4AE9-9DCA-EC4E0EB92271}.Release|iPhone.Deploy.0 = Release|Any CPU
		{A630E5F9-E30E-4AE9-9DCA-EC4E0EB92271}.Release|iPhoneSimulator.ActiveCfg = Release|Any CPU
		{A630E5F9-E30E-4AE9-9DCA-EC4E0EB92271}.Release|iPhoneSimulator.Build.0 = Release|Any CPU
		{A630E5F9-E30E-4AE9-9DCA-EC4E0EB92271}.Release|iPhoneSimulator.Deploy.0 = Release|Any CPU
		{A630E5F9-E30E-4AE9-9DCA-EC4E0EB92271}.Release|x64.ActiveCfg = Release|Any CPU
		{A630E5F9-E30E-4AE9-9DCA-EC4E0EB92271}.Release|x64.Build.0 = Release|Any CPU
		{A630E5F9-E30E-4AE9-9DCA-EC4E0EB92271}.Release|x64.Deploy.0 = Release|Any CPU
		{A630E5F9-E30E-4AE9-9DCA-EC4E0EB92271}.Release|x86.ActiveCfg = Release|Any CPU
		{A630E5F9-E30E-4AE9-9DCA-EC4E0EB92271}.Release|x86.Build.0 = Release|Any CPU
		{A630E5F9-E30E-4AE9-9DCA-EC4E0EB92271}.Release|x86.Deploy.0 = Release|Any CPU
		{D6D91A0F-7611-4F2D-BD41-8A5E8E357A61}.Ad-Hoc|Any CPU.ActiveCfg = Ad-Hoc|iPhone
		{D6D91A0F-7611-4F2D-BD41-8A5E8E357A61}.Ad-Hoc|ARM.ActiveCfg = Ad-Hoc|iPhone
		{D6D91A0F-7611-4F2D-BD41-8A5E8E357A61}.Ad-Hoc|iPhone.ActiveCfg = Ad-Hoc|iPhone
		{D6D91A0F-7611-4F2D-BD41-8A5E8E357A61}.Ad-Hoc|iPhone.Build.0 = Ad-Hoc|iPhone
		{D6D91A0F-7611-4F2D-BD41-8A5E8E357A61}.Ad-Hoc|iPhoneSimulator.ActiveCfg = Ad-Hoc|iPhoneSimulator
		{D6D91A0F-7611-4F2D-BD41-8A5E8E357A61}.Ad-Hoc|iPhoneSimulator.Build.0 = Ad-Hoc|iPhoneSimulator
		{D6D91A0F-7611-4F2D-BD41-8A5E8E357A61}.Ad-Hoc|x64.ActiveCfg = Ad-Hoc|iPhone
		{D6D91A0F-7611-4F2D-BD41-8A5E8E357A61}.Ad-Hoc|x86.ActiveCfg = Ad-Hoc|iPhone
		{D6D91A0F-7611-4F2D-BD41-8A5E8E357A61}.AppStore|Any CPU.ActiveCfg = AppStore|iPhone
		{D6D91A0F-7611-4F2D-BD41-8A5E8E357A61}.AppStore|ARM.ActiveCfg = AppStore|iPhone
		{D6D91A0F-7611-4F2D-BD41-8A5E8E357A61}.AppStore|iPhone.ActiveCfg = AppStore|iPhone
		{D6D91A0F-7611-4F2D-BD41-8A5E8E357A61}.AppStore|iPhone.Build.0 = AppStore|iPhone
		{D6D91A0F-7611-4F2D-BD41-8A5E8E357A61}.AppStore|iPhoneSimulator.ActiveCfg = AppStore|iPhoneSimulator
		{D6D91A0F-7611-4F2D-BD41-8A5E8E357A61}.AppStore|iPhoneSimulator.Build.0 = AppStore|iPhoneSimulator
		{D6D91A0F-7611-4F2D-BD41-8A5E8E357A61}.AppStore|x64.ActiveCfg = AppStore|iPhone
		{D6D91A0F-7611-4F2D-BD41-8A5E8E357A61}.AppStore|x86.ActiveCfg = AppStore|iPhone
		{D6D91A0F-7611-4F2D-BD41-8A5E8E357A61}.Debug|Any CPU.ActiveCfg = Debug|iPhone
		{D6D91A0F-7611-4F2D-BD41-8A5E8E357A61}.Debug|ARM.ActiveCfg = Debug|iPhone
		{D6D91A0F-7611-4F2D-BD41-8A5E8E357A61}.Debug|iPhone.ActiveCfg = Debug|iPhone
		{D6D91A0F-7611-4F2D-BD41-8A5E8E357A61}.Debug|iPhone.Build.0 = Debug|iPhone
		{D6D91A0F-7611-4F2D-BD41-8A5E8E357A61}.Debug|iPhoneSimulator.ActiveCfg = Debug|iPhoneSimulator
		{D6D91A0F-7611-4F2D-BD41-8A5E8E357A61}.Debug|iPhoneSimulator.Build.0 = Debug|iPhoneSimulator
		{D6D91A0F-7611-4F2D-BD41-8A5E8E357A61}.Debug|x64.ActiveCfg = Debug|iPhone
		{D6D91A0F-7611-4F2D-BD41-8A5E8E357A61}.Debug|x86.ActiveCfg = Debug|iPhone
		{D6D91A0F-7611-4F2D-BD41-8A5E8E357A61}.Release|Any CPU.ActiveCfg = Release|iPhone
		{D6D91A0F-7611-4F2D-BD41-8A5E8E357A61}.Release|ARM.ActiveCfg = Release|iPhone
		{D6D91A0F-7611-4F2D-BD41-8A5E8E357A61}.Release|iPhone.ActiveCfg = Release|iPhone
		{D6D91A0F-7611-4F2D-BD41-8A5E8E357A61}.Release|iPhone.Build.0 = Release|iPhone
		{D6D91A0F-7611-4F2D-BD41-8A5E8E357A61}.Release|iPhoneSimulator.ActiveCfg = Release|iPhoneSimulator
		{D6D91A0F-7611-4F2D-BD41-8A5E8E357A61}.Release|iPhoneSimulator.Build.0 = Release|iPhoneSimulator
		{D6D91A0F-7611-4F2D-BD41-8A5E8E357A61}.Release|x64.ActiveCfg = Release|iPhone
		{D6D91A0F-7611-4F2D-BD41-8A5E8E357A61}.Release|x86.ActiveCfg = Release|iPhone
		{DB253D8B-2ACA-4FC5-876A-2E343F61D814}.Ad-Hoc|Any CPU.ActiveCfg = Release|Any CPU
		{DB253D8B-2ACA-4FC5-876A-2E343F61D814}.Ad-Hoc|Any CPU.Build.0 = Release|Any CPU
		{DB253D8B-2ACA-4FC5-876A-2E343F61D814}.Ad-Hoc|Any CPU.Deploy.0 = Release|Any CPU
		{DB253D8B-2ACA-4FC5-876A-2E343F61D814}.Ad-Hoc|ARM.ActiveCfg = Release|ARM
		{DB253D8B-2ACA-4FC5-876A-2E343F61D814}.Ad-Hoc|ARM.Build.0 = Release|ARM
		{DB253D8B-2ACA-4FC5-876A-2E343F61D814}.Ad-Hoc|ARM.Deploy.0 = Release|ARM
		{DB253D8B-2ACA-4FC5-876A-2E343F61D814}.Ad-Hoc|iPhone.ActiveCfg = Release|Any CPU
		{DB253D8B-2ACA-4FC5-876A-2E343F61D814}.Ad-Hoc|iPhone.Build.0 = Release|Any CPU
		{DB253D8B-2ACA-4FC5-876A-2E343F61D814}.Ad-Hoc|iPhone.Deploy.0 = Release|Any CPU
		{DB253D8B-2ACA-4FC5-876A-2E343F61D814}.Ad-Hoc|iPhoneSimulator.ActiveCfg = Release|Any CPU
		{DB253D8B-2ACA-4FC5-876A-2E343F61D814}.Ad-Hoc|iPhoneSimulator.Build.0 = Release|Any CPU
		{DB253D8B-2ACA-4FC5-876A-2E343F61D814}.Ad-Hoc|iPhoneSimulator.Deploy.0 = Release|Any CPU
		{DB253D8B-2ACA-4FC5-876A-2E343F61D814}.Ad-Hoc|x64.ActiveCfg = Release|Any CPU
		{DB253D8B-2ACA-4FC5-876A-2E343F61D814}.Ad-Hoc|x64.Build.0 = Release|Any CPU
		{DB253D8B-2ACA-4FC5-876A-2E343F61D814}.Ad-Hoc|x64.Deploy.0 = Release|Any CPU
		{DB253D8B-2ACA-4FC5-876A-2E343F61D814}.Ad-Hoc|x86.ActiveCfg = Release|x86
		{DB253D8B-2ACA-4FC5-876A-2E343F61D814}.Ad-Hoc|x86.Build.0 = Release|x86
		{DB253D8B-2ACA-4FC5-876A-2E343F61D814}.Ad-Hoc|x86.Deploy.0 = Release|x86
		{DB253D8B-2ACA-4FC5-876A-2E343F61D814}.AppStore|Any CPU.ActiveCfg = Release|Any CPU
		{DB253D8B-2ACA-4FC5-876A-2E343F61D814}.AppStore|Any CPU.Build.0 = Release|Any CPU
		{DB253D8B-2ACA-4FC5-876A-2E343F61D814}.AppStore|Any CPU.Deploy.0 = Release|Any CPU
		{DB253D8B-2ACA-4FC5-876A-2E343F61D814}.AppStore|ARM.ActiveCfg = Release|ARM
		{DB253D8B-2ACA-4FC5-876A-2E343F61D814}.AppStore|ARM.Build.0 = Release|ARM
		{DB253D8B-2ACA-4FC5-876A-2E343F61D814}.AppStore|ARM.Deploy.0 = Release|ARM
		{DB253D8B-2ACA-4FC5-876A-2E343F61D814}.AppStore|iPhone.ActiveCfg = Release|Any CPU
		{DB253D8B-2ACA-4FC5-876A-2E343F61D814}.AppStore|iPhone.Build.0 = Release|Any CPU
		{DB253D8B-2ACA-4FC5-876A-2E343F61D814}.AppStore|iPhone.Deploy.0 = Release|Any CPU
		{DB253D8B-2ACA-4FC5-876A-2E343F61D814}.AppStore|iPhoneSimulator.ActiveCfg = Release|Any CPU
		{DB253D8B-2ACA-4FC5-876A-2E343F61D814}.AppStore|iPhoneSimulator.Build.0 = Release|Any CPU
		{DB253D8B-2ACA-4FC5-876A-2E343F61D814}.AppStore|iPhoneSimulator.Deploy.0 = Release|Any CPU
		{DB253D8B-2ACA-4FC5-876A-2E343F61D814}.AppStore|x64.ActiveCfg = Release|Any CPU
		{DB253D8B-2ACA-4FC5-876A-2E343F61D814}.AppStore|x64.Build.0 = Release|Any CPU
		{DB253D8B-2ACA-4FC5-876A-2E343F61D814}.AppStore|x64.Deploy.0 = Release|Any CPU
		{DB253D8B-2ACA-4FC5-876A-2E343F61D814}.AppStore|x86.ActiveCfg = Release|x86
		{DB253D8B-2ACA-4FC5-876A-2E343F61D814}.AppStore|x86.Build.0 = Release|x86
		{DB253D8B-2ACA-4FC5-876A-2E343F61D814}.AppStore|x86.Deploy.0 = Release|x86
		{DB253D8B-2ACA-4FC5-876A-2E343F61D814}.Debug|Any CPU.ActiveCfg = Debug|Any CPU
		{DB253D8B-2ACA-4FC5-876A-2E343F61D814}.Debug|Any CPU.Build.0 = Debug|Any CPU
		{DB253D8B-2ACA-4FC5-876A-2E343F61D814}.Debug|Any CPU.Deploy.0 = Debug|Any CPU
		{DB253D8B-2ACA-4FC5-876A-2E343F61D814}.Debug|ARM.ActiveCfg = Debug|ARM
		{DB253D8B-2ACA-4FC5-876A-2E343F61D814}.Debug|ARM.Build.0 = Debug|ARM
		{DB253D8B-2ACA-4FC5-876A-2E343F61D814}.Debug|ARM.Deploy.0 = Debug|ARM
		{DB253D8B-2ACA-4FC5-876A-2E343F61D814}.Debug|iPhone.ActiveCfg = Debug|Any CPU
		{DB253D8B-2ACA-4FC5-876A-2E343F61D814}.Debug|iPhone.Build.0 = Debug|Any CPU
		{DB253D8B-2ACA-4FC5-876A-2E343F61D814}.Debug|iPhone.Deploy.0 = Debug|Any CPU
		{DB253D8B-2ACA-4FC5-876A-2E343F61D814}.Debug|iPhoneSimulator.ActiveCfg = Debug|Any CPU
		{DB253D8B-2ACA-4FC5-876A-2E343F61D814}.Debug|iPhoneSimulator.Build.0 = Debug|Any CPU
		{DB253D8B-2ACA-4FC5-876A-2E343F61D814}.Debug|iPhoneSimulator.Deploy.0 = Debug|Any CPU
		{DB253D8B-2ACA-4FC5-876A-2E343F61D814}.Debug|x64.ActiveCfg = Debug|Any CPU
		{DB253D8B-2ACA-4FC5-876A-2E343F61D814}.Debug|x64.Build.0 = Debug|Any CPU
		{DB253D8B-2ACA-4FC5-876A-2E343F61D814}.Debug|x64.Deploy.0 = Debug|Any CPU
		{DB253D8B-2ACA-4FC5-876A-2E343F61D814}.Debug|x86.ActiveCfg = Debug|x86
		{DB253D8B-2ACA-4FC5-876A-2E343F61D814}.Debug|x86.Build.0 = Debug|x86
		{DB253D8B-2ACA-4FC5-876A-2E343F61D814}.Debug|x86.Deploy.0 = Debug|x86
		{DB253D8B-2ACA-4FC5-876A-2E343F61D814}.Release|Any CPU.ActiveCfg = Release|Any CPU
		{DB253D8B-2ACA-4FC5-876A-2E343F61D814}.Release|Any CPU.Build.0 = Release|Any CPU
		{DB253D8B-2ACA-4FC5-876A-2E343F61D814}.Release|Any CPU.Deploy.0 = Release|Any CPU
		{DB253D8B-2ACA-4FC5-876A-2E343F61D814}.Release|ARM.ActiveCfg = Release|ARM
		{DB253D8B-2ACA-4FC5-876A-2E343F61D814}.Release|ARM.Build.0 = Release|ARM
		{DB253D8B-2ACA-4FC5-876A-2E343F61D814}.Release|ARM.Deploy.0 = Release|ARM
		{DB253D8B-2ACA-4FC5-876A-2E343F61D814}.Release|iPhone.ActiveCfg = Release|Any CPU
		{DB253D8B-2ACA-4FC5-876A-2E343F61D814}.Release|iPhone.Build.0 = Release|Any CPU
		{DB253D8B-2ACA-4FC5-876A-2E343F61D814}.Release|iPhone.Deploy.0 = Release|Any CPU
		{DB253D8B-2ACA-4FC5-876A-2E343F61D814}.Release|iPhoneSimulator.ActiveCfg = Release|Any CPU
		{DB253D8B-2ACA-4FC5-876A-2E343F61D814}.Release|iPhoneSimulator.Build.0 = Release|Any CPU
		{DB253D8B-2ACA-4FC5-876A-2E343F61D814}.Release|iPhoneSimulator.Deploy.0 = Release|Any CPU
		{DB253D8B-2ACA-4FC5-876A-2E343F61D814}.Release|x64.ActiveCfg = Release|Any CPU
		{DB253D8B-2ACA-4FC5-876A-2E343F61D814}.Release|x64.Build.0 = Release|Any CPU
		{DB253D8B-2ACA-4FC5-876A-2E343F61D814}.Release|x64.Deploy.0 = Release|Any CPU
		{DB253D8B-2ACA-4FC5-876A-2E343F61D814}.Release|x86.ActiveCfg = Release|x86
		{DB253D8B-2ACA-4FC5-876A-2E343F61D814}.Release|x86.Build.0 = Release|x86
		{DB253D8B-2ACA-4FC5-876A-2E343F61D814}.Release|x86.Deploy.0 = Release|x86
		{C9277F6E-C8CF-4558-8D43-58B23124D1D1}.Ad-Hoc|Any CPU.ActiveCfg = Release|x86
		{C9277F6E-C8CF-4558-8D43-58B23124D1D1}.Ad-Hoc|Any CPU.Build.0 = Release|x86
		{C9277F6E-C8CF-4558-8D43-58B23124D1D1}.Ad-Hoc|Any CPU.Deploy.0 = Release|x86
		{C9277F6E-C8CF-4558-8D43-58B23124D1D1}.Ad-Hoc|ARM.ActiveCfg = Release|ARM
		{C9277F6E-C8CF-4558-8D43-58B23124D1D1}.Ad-Hoc|ARM.Build.0 = Release|ARM
		{C9277F6E-C8CF-4558-8D43-58B23124D1D1}.Ad-Hoc|ARM.Deploy.0 = Release|ARM
		{C9277F6E-C8CF-4558-8D43-58B23124D1D1}.Ad-Hoc|iPhone.ActiveCfg = Release|x86
		{C9277F6E-C8CF-4558-8D43-58B23124D1D1}.Ad-Hoc|iPhone.Build.0 = Release|x86
		{C9277F6E-C8CF-4558-8D43-58B23124D1D1}.Ad-Hoc|iPhone.Deploy.0 = Release|x86
		{C9277F6E-C8CF-4558-8D43-58B23124D1D1}.Ad-Hoc|iPhoneSimulator.ActiveCfg = Release|x86
		{C9277F6E-C8CF-4558-8D43-58B23124D1D1}.Ad-Hoc|iPhoneSimulator.Build.0 = Release|x86
		{C9277F6E-C8CF-4558-8D43-58B23124D1D1}.Ad-Hoc|iPhoneSimulator.Deploy.0 = Release|x86
		{C9277F6E-C8CF-4558-8D43-58B23124D1D1}.Ad-Hoc|x64.ActiveCfg = Release|x64
		{C9277F6E-C8CF-4558-8D43-58B23124D1D1}.Ad-Hoc|x64.Build.0 = Release|x64
		{C9277F6E-C8CF-4558-8D43-58B23124D1D1}.Ad-Hoc|x64.Deploy.0 = Release|x64
		{C9277F6E-C8CF-4558-8D43-58B23124D1D1}.Ad-Hoc|x86.ActiveCfg = Release|x86
		{C9277F6E-C8CF-4558-8D43-58B23124D1D1}.Ad-Hoc|x86.Build.0 = Release|x86
		{C9277F6E-C8CF-4558-8D43-58B23124D1D1}.Ad-Hoc|x86.Deploy.0 = Release|x86
		{C9277F6E-C8CF-4558-8D43-58B23124D1D1}.AppStore|Any CPU.ActiveCfg = Release|x86
		{C9277F6E-C8CF-4558-8D43-58B23124D1D1}.AppStore|Any CPU.Build.0 = Release|x86
		{C9277F6E-C8CF-4558-8D43-58B23124D1D1}.AppStore|Any CPU.Deploy.0 = Release|x86
		{C9277F6E-C8CF-4558-8D43-58B23124D1D1}.AppStore|ARM.ActiveCfg = Release|ARM
		{C9277F6E-C8CF-4558-8D43-58B23124D1D1}.AppStore|ARM.Build.0 = Release|ARM
		{C9277F6E-C8CF-4558-8D43-58B23124D1D1}.AppStore|ARM.Deploy.0 = Release|ARM
		{C9277F6E-C8CF-4558-8D43-58B23124D1D1}.AppStore|iPhone.ActiveCfg = Release|x86
		{C9277F6E-C8CF-4558-8D43-58B23124D1D1}.AppStore|iPhone.Build.0 = Release|x86
		{C9277F6E-C8CF-4558-8D43-58B23124D1D1}.AppStore|iPhone.Deploy.0 = Release|x86
		{C9277F6E-C8CF-4558-8D43-58B23124D1D1}.AppStore|iPhoneSimulator.ActiveCfg = Release|x86
		{C9277F6E-C8CF-4558-8D43-58B23124D1D1}.AppStore|iPhoneSimulator.Build.0 = Release|x86
		{C9277F6E-C8CF-4558-8D43-58B23124D1D1}.AppStore|iPhoneSimulator.Deploy.0 = Release|x86
		{C9277F6E-C8CF-4558-8D43-58B23124D1D1}.AppStore|x64.ActiveCfg = Release|x64
		{C9277F6E-C8CF-4558-8D43-58B23124D1D1}.AppStore|x64.Build.0 = Release|x64
		{C9277F6E-C8CF-4558-8D43-58B23124D1D1}.AppStore|x64.Deploy.0 = Release|x64
		{C9277F6E-C8CF-4558-8D43-58B23124D1D1}.AppStore|x86.ActiveCfg = Release|x86
		{C9277F6E-C8CF-4558-8D43-58B23124D1D1}.AppStore|x86.Build.0 = Release|x86
		{C9277F6E-C8CF-4558-8D43-58B23124D1D1}.AppStore|x86.Deploy.0 = Release|x86
		{C9277F6E-C8CF-4558-8D43-58B23124D1D1}.Debug|Any CPU.ActiveCfg = Debug|x86
		{C9277F6E-C8CF-4558-8D43-58B23124D1D1}.Debug|Any CPU.Build.0 = Debug|x86
		{C9277F6E-C8CF-4558-8D43-58B23124D1D1}.Debug|Any CPU.Deploy.0 = Debug|x86
		{C9277F6E-C8CF-4558-8D43-58B23124D1D1}.Debug|ARM.ActiveCfg = Debug|ARM
		{C9277F6E-C8CF-4558-8D43-58B23124D1D1}.Debug|ARM.Build.0 = Debug|ARM
		{C9277F6E-C8CF-4558-8D43-58B23124D1D1}.Debug|ARM.Deploy.0 = Debug|ARM
		{C9277F6E-C8CF-4558-8D43-58B23124D1D1}.Debug|iPhone.ActiveCfg = Debug|x86
		{C9277F6E-C8CF-4558-8D43-58B23124D1D1}.Debug|iPhoneSimulator.ActiveCfg = Debug|x86
		{C9277F6E-C8CF-4558-8D43-58B23124D1D1}.Debug|x64.ActiveCfg = Debug|x64
		{C9277F6E-C8CF-4558-8D43-58B23124D1D1}.Debug|x64.Build.0 = Debug|x64
		{C9277F6E-C8CF-4558-8D43-58B23124D1D1}.Debug|x64.Deploy.0 = Debug|x64
		{C9277F6E-C8CF-4558-8D43-58B23124D1D1}.Debug|x86.ActiveCfg = Debug|x86
		{C9277F6E-C8CF-4558-8D43-58B23124D1D1}.Debug|x86.Build.0 = Debug|x86
		{C9277F6E-C8CF-4558-8D43-58B23124D1D1}.Debug|x86.Deploy.0 = Debug|x86
		{C9277F6E-C8CF-4558-8D43-58B23124D1D1}.Release|Any CPU.ActiveCfg = Release|x86
		{C9277F6E-C8CF-4558-8D43-58B23124D1D1}.Release|ARM.ActiveCfg = Release|ARM
		{C9277F6E-C8CF-4558-8D43-58B23124D1D1}.Release|ARM.Build.0 = Release|ARM
		{C9277F6E-C8CF-4558-8D43-58B23124D1D1}.Release|ARM.Deploy.0 = Release|ARM
		{C9277F6E-C8CF-4558-8D43-58B23124D1D1}.Release|iPhone.ActiveCfg = Release|x86
		{C9277F6E-C8CF-4558-8D43-58B23124D1D1}.Release|iPhoneSimulator.ActiveCfg = Release|x86
		{C9277F6E-C8CF-4558-8D43-58B23124D1D1}.Release|x64.ActiveCfg = Release|x64
		{C9277F6E-C8CF-4558-8D43-58B23124D1D1}.Release|x64.Build.0 = Release|x64
		{C9277F6E-C8CF-4558-8D43-58B23124D1D1}.Release|x64.Deploy.0 = Release|x64
		{C9277F6E-C8CF-4558-8D43-58B23124D1D1}.Release|x86.ActiveCfg = Release|x86
		{C9277F6E-C8CF-4558-8D43-58B23124D1D1}.Release|x86.Build.0 = Release|x86
		{C9277F6E-C8CF-4558-8D43-58B23124D1D1}.Release|x86.Deploy.0 = Release|x86
		{0CE3B9EE-FDE9-4AF5-9043-B148C9607A1D}.Ad-Hoc|Any CPU.ActiveCfg = Release|Any CPU
		{0CE3B9EE-FDE9-4AF5-9043-B148C9607A1D}.Ad-Hoc|Any CPU.Build.0 = Release|Any CPU
		{0CE3B9EE-FDE9-4AF5-9043-B148C9607A1D}.Ad-Hoc|Any CPU.Deploy.0 = Release|Any CPU
		{0CE3B9EE-FDE9-4AF5-9043-B148C9607A1D}.Ad-Hoc|ARM.ActiveCfg = Release|ARM
		{0CE3B9EE-FDE9-4AF5-9043-B148C9607A1D}.Ad-Hoc|ARM.Build.0 = Release|ARM
		{0CE3B9EE-FDE9-4AF5-9043-B148C9607A1D}.Ad-Hoc|ARM.Deploy.0 = Release|ARM
		{0CE3B9EE-FDE9-4AF5-9043-B148C9607A1D}.Ad-Hoc|iPhone.ActiveCfg = Release|Any CPU
		{0CE3B9EE-FDE9-4AF5-9043-B148C9607A1D}.Ad-Hoc|iPhone.Build.0 = Release|Any CPU
		{0CE3B9EE-FDE9-4AF5-9043-B148C9607A1D}.Ad-Hoc|iPhone.Deploy.0 = Release|Any CPU
		{0CE3B9EE-FDE9-4AF5-9043-B148C9607A1D}.Ad-Hoc|iPhoneSimulator.ActiveCfg = Release|Any CPU
		{0CE3B9EE-FDE9-4AF5-9043-B148C9607A1D}.Ad-Hoc|iPhoneSimulator.Build.0 = Release|Any CPU
		{0CE3B9EE-FDE9-4AF5-9043-B148C9607A1D}.Ad-Hoc|iPhoneSimulator.Deploy.0 = Release|Any CPU
		{0CE3B9EE-FDE9-4AF5-9043-B148C9607A1D}.Ad-Hoc|x64.ActiveCfg = Release|x64
		{0CE3B9EE-FDE9-4AF5-9043-B148C9607A1D}.Ad-Hoc|x64.Build.0 = Release|x64
		{0CE3B9EE-FDE9-4AF5-9043-B148C9607A1D}.Ad-Hoc|x64.Deploy.0 = Release|x64
		{0CE3B9EE-FDE9-4AF5-9043-B148C9607A1D}.Ad-Hoc|x86.ActiveCfg = Release|x86
		{0CE3B9EE-FDE9-4AF5-9043-B148C9607A1D}.Ad-Hoc|x86.Build.0 = Release|x86
		{0CE3B9EE-FDE9-4AF5-9043-B148C9607A1D}.Ad-Hoc|x86.Deploy.0 = Release|x86
		{0CE3B9EE-FDE9-4AF5-9043-B148C9607A1D}.AppStore|Any CPU.ActiveCfg = Release|Any CPU
		{0CE3B9EE-FDE9-4AF5-9043-B148C9607A1D}.AppStore|Any CPU.Build.0 = Release|Any CPU
		{0CE3B9EE-FDE9-4AF5-9043-B148C9607A1D}.AppStore|Any CPU.Deploy.0 = Release|Any CPU
		{0CE3B9EE-FDE9-4AF5-9043-B148C9607A1D}.AppStore|ARM.ActiveCfg = Release|ARM
		{0CE3B9EE-FDE9-4AF5-9043-B148C9607A1D}.AppStore|ARM.Build.0 = Release|ARM
		{0CE3B9EE-FDE9-4AF5-9043-B148C9607A1D}.AppStore|ARM.Deploy.0 = Release|ARM
		{0CE3B9EE-FDE9-4AF5-9043-B148C9607A1D}.AppStore|iPhone.ActiveCfg = Release|Any CPU
		{0CE3B9EE-FDE9-4AF5-9043-B148C9607A1D}.AppStore|iPhone.Build.0 = Release|Any CPU
		{0CE3B9EE-FDE9-4AF5-9043-B148C9607A1D}.AppStore|iPhone.Deploy.0 = Release|Any CPU
		{0CE3B9EE-FDE9-4AF5-9043-B148C9607A1D}.AppStore|iPhoneSimulator.ActiveCfg = Release|Any CPU
		{0CE3B9EE-FDE9-4AF5-9043-B148C9607A1D}.AppStore|iPhoneSimulator.Build.0 = Release|Any CPU
		{0CE3B9EE-FDE9-4AF5-9043-B148C9607A1D}.AppStore|iPhoneSimulator.Deploy.0 = Release|Any CPU
		{0CE3B9EE-FDE9-4AF5-9043-B148C9607A1D}.AppStore|x64.ActiveCfg = Release|x64
		{0CE3B9EE-FDE9-4AF5-9043-B148C9607A1D}.AppStore|x64.Build.0 = Release|x64
		{0CE3B9EE-FDE9-4AF5-9043-B148C9607A1D}.AppStore|x64.Deploy.0 = Release|x64
		{0CE3B9EE-FDE9-4AF5-9043-B148C9607A1D}.AppStore|x86.ActiveCfg = Release|x86
		{0CE3B9EE-FDE9-4AF5-9043-B148C9607A1D}.AppStore|x86.Build.0 = Release|x86
		{0CE3B9EE-FDE9-4AF5-9043-B148C9607A1D}.AppStore|x86.Deploy.0 = Release|x86
		{0CE3B9EE-FDE9-4AF5-9043-B148C9607A1D}.Debug|Any CPU.ActiveCfg = Debug|Any CPU
		{0CE3B9EE-FDE9-4AF5-9043-B148C9607A1D}.Debug|Any CPU.Build.0 = Debug|Any CPU
		{0CE3B9EE-FDE9-4AF5-9043-B148C9607A1D}.Debug|Any CPU.Deploy.0 = Debug|Any CPU
		{0CE3B9EE-FDE9-4AF5-9043-B148C9607A1D}.Debug|ARM.ActiveCfg = Debug|ARM
		{0CE3B9EE-FDE9-4AF5-9043-B148C9607A1D}.Debug|ARM.Build.0 = Debug|ARM
		{0CE3B9EE-FDE9-4AF5-9043-B148C9607A1D}.Debug|ARM.Deploy.0 = Debug|ARM
		{0CE3B9EE-FDE9-4AF5-9043-B148C9607A1D}.Debug|iPhone.ActiveCfg = Debug|Any CPU
		{0CE3B9EE-FDE9-4AF5-9043-B148C9607A1D}.Debug|iPhone.Build.0 = Debug|Any CPU
		{0CE3B9EE-FDE9-4AF5-9043-B148C9607A1D}.Debug|iPhone.Deploy.0 = Debug|Any CPU
		{0CE3B9EE-FDE9-4AF5-9043-B148C9607A1D}.Debug|iPhoneSimulator.ActiveCfg = Debug|Any CPU
		{0CE3B9EE-FDE9-4AF5-9043-B148C9607A1D}.Debug|iPhoneSimulator.Build.0 = Debug|Any CPU
		{0CE3B9EE-FDE9-4AF5-9043-B148C9607A1D}.Debug|iPhoneSimulator.Deploy.0 = Debug|Any CPU
		{0CE3B9EE-FDE9-4AF5-9043-B148C9607A1D}.Debug|x64.ActiveCfg = Debug|x64
		{0CE3B9EE-FDE9-4AF5-9043-B148C9607A1D}.Debug|x64.Build.0 = Debug|x64
		{0CE3B9EE-FDE9-4AF5-9043-B148C9607A1D}.Debug|x64.Deploy.0 = Debug|x64
		{0CE3B9EE-FDE9-4AF5-9043-B148C9607A1D}.Debug|x86.ActiveCfg = Debug|x86
		{0CE3B9EE-FDE9-4AF5-9043-B148C9607A1D}.Debug|x86.Build.0 = Debug|x86
		{0CE3B9EE-FDE9-4AF5-9043-B148C9607A1D}.Debug|x86.Deploy.0 = Debug|x86
		{0CE3B9EE-FDE9-4AF5-9043-B148C9607A1D}.Release|Any CPU.ActiveCfg = Release|Any CPU
		{0CE3B9EE-FDE9-4AF5-9043-B148C9607A1D}.Release|Any CPU.Build.0 = Release|Any CPU
		{0CE3B9EE-FDE9-4AF5-9043-B148C9607A1D}.Release|Any CPU.Deploy.0 = Release|Any CPU
		{0CE3B9EE-FDE9-4AF5-9043-B148C9607A1D}.Release|ARM.ActiveCfg = Release|ARM
		{0CE3B9EE-FDE9-4AF5-9043-B148C9607A1D}.Release|ARM.Build.0 = Release|ARM
		{0CE3B9EE-FDE9-4AF5-9043-B148C9607A1D}.Release|ARM.Deploy.0 = Release|ARM
		{0CE3B9EE-FDE9-4AF5-9043-B148C9607A1D}.Release|iPhone.ActiveCfg = Release|Any CPU
		{0CE3B9EE-FDE9-4AF5-9043-B148C9607A1D}.Release|iPhone.Build.0 = Release|Any CPU
		{0CE3B9EE-FDE9-4AF5-9043-B148C9607A1D}.Release|iPhone.Deploy.0 = Release|Any CPU
		{0CE3B9EE-FDE9-4AF5-9043-B148C9607A1D}.Release|iPhoneSimulator.ActiveCfg = Release|Any CPU
		{0CE3B9EE-FDE9-4AF5-9043-B148C9607A1D}.Release|iPhoneSimulator.Build.0 = Release|Any CPU
		{0CE3B9EE-FDE9-4AF5-9043-B148C9607A1D}.Release|iPhoneSimulator.Deploy.0 = Release|Any CPU
		{0CE3B9EE-FDE9-4AF5-9043-B148C9607A1D}.Release|x64.ActiveCfg = Release|x64
		{0CE3B9EE-FDE9-4AF5-9043-B148C9607A1D}.Release|x64.Build.0 = Release|x64
		{0CE3B9EE-FDE9-4AF5-9043-B148C9607A1D}.Release|x64.Deploy.0 = Release|x64
		{0CE3B9EE-FDE9-4AF5-9043-B148C9607A1D}.Release|x86.ActiveCfg = Release|x86
		{0CE3B9EE-FDE9-4AF5-9043-B148C9607A1D}.Release|x86.Build.0 = Release|x86
		{0CE3B9EE-FDE9-4AF5-9043-B148C9607A1D}.Release|x86.Deploy.0 = Release|x86
	EndGlobalSection
	GlobalSection(SolutionProperties) = preSolution
		HideSolutionNode = FALSE
	EndGlobalSection
EndGlobal
